
Microsoft Visual Studio Solution File, Format Version 12.00
# Visual Studio Version 17
VisualStudioVersion = 17.9.34607.119
MinimumVisualStudioVersion = 10.0.40219.1
Project("{FAE04EC0-301F-11D3-BF4B-00C04F79EFBC}") = "CLDV6211_POE_ST10267411_KhumaloCraft", "CLDV6211_POE_ST10267411_KhumaloCraft.csproj", "{CBA0F5BB-6ADE-4B09-9D8B-8AAA3A91C004}"
EndProject
Global
	GlobalSection(SolutionConfigurationPlatforms) = preSolution
		Debug|Any CPU = Debug|Any CPU
		Release|Any CPU = Release|Any CPU
	EndGlobalSection
	GlobalSection(ProjectConfigurationPlatforms) = postSolution
		{CBA0F5BB-6ADE-4B09-9D8B-8AAA3A91C004}.Debug|Any CPU.ActiveCfg = Debug|Any CPU
		{CBA0F5BB-6ADE-4B09-9D8B-8AAA3A91C004}.Debug|Any CPU.Build.0 = Debug|Any CPU
		{CBA0F5BB-6ADE-4B09-9D8B-8AAA3A91C004}.Release|Any CPU.ActiveCfg = Release|Any CPU
		{CBA0F5BB-6ADE-4B09-9D8B-8AAA3A91C004}.Release|Any CPU.Build.0 = Release|Any CPU
	EndGlobalSection
	GlobalSection(SolutionProperties) = preSolution
		HideSolutionNode = FALSE
	EndGlobalSection
	GlobalSection(ExtensibilityGlobals) = postSolution
		SolutionGuid = {5C3CA91B-197A-4373-92CC-2CB49CE3CD8D}
	EndGlobalSection
EndGlobal
